
Microsoft Visual Studio Solution File, Format Version 12.00
# Visual Studio Version 17
VisualStudioVersion = 17.0.32112.339
MinimumVisualStudioVersion = 10.0.40219.1
Project("{FAE04EC0-301F-11D3-BF4B-00C04F79EFBC}") = "monopoly", "monopoly\monopoly.csproj", "{EB6D79ED-341D-424C-9D2F-C880AC6DFD6F}"
EndProject
Global
	GlobalSection(SolutionConfigurationPlatforms) = preSolution
		Debug|Any CPU = Debug|Any CPU
		Release|Any CPU = Release|Any CPU
	EndGlobalSection
	GlobalSection(ProjectConfigurationPlatforms) = postSolution
		{EB6D79ED-341D-424C-9D2F-C880AC6DFD6F}.Debug|Any CPU.ActiveCfg = Debug|Any CPU
		{EB6D79ED-341D-424C-9D2F-C880AC6DFD6F}.Debug|Any CPU.Build.0 = Debug|Any CPU
		{EB6D79ED-341D-424C-9D2F-C880AC6DFD6F}.Release|Any CPU.ActiveCfg = Release|Any CPU
		{EB6D79ED-341D-424C-9D2F-C880AC6DFD6F}.Release|Any CPU.Build.0 = Release|Any CPU
	EndGlobalSection
	GlobalSection(SolutionProperties) = preSolution
		HideSolutionNode = FALSE
	EndGlobalSection
	GlobalSection(ExtensibilityGlobals) = postSolution
		SolutionGuid = {642158A9-F48A-407B-8DC1-D253343D37C4}
	EndGlobalSection
EndGlobal
